// !$*UTF8*$!
{
	archiveVersion = 1;
	classes = {
	};
	objectVersion = 48;
	objects = {

/* Begin PBXBuildFile section */
		5C099CD02063CB32003C9868 /* AppDelegate.swift in Sources */ = {isa = PBXBuildFile; fileRef = 5C099CCF2063CB32003C9868 /* AppDelegate.swift */; };
		5C099CD42063CB32003C9868 /* Assets.xcassets in Resources */ = {isa = PBXBuildFile; fileRef = 5C099CD32063CB32003C9868 /* Assets.xcassets */; };
		5C099CE32063CB32003C9868 /* MySocksTests.swift in Sources */ = {isa = PBXBuildFile; fileRef = 5C099CE22063CB32003C9868 /* MySocksTests.swift */; };
		5C099CEE2063CB32003C9868 /* MySocksUITests.swift in Sources */ = {isa = PBXBuildFile; fileRef = 5C099CED2063CB32003C9868 /* MySocksUITests.swift */; };
		5C099CFC2063CB46003C9868 /* ViewController.swift in Sources */ = {isa = PBXBuildFile; fileRef = 5C099CFB2063CB46003C9868 /* ViewController.swift */; };
		5C099CFE2063CB68003C9868 /* Main.storyboard in Resources */ = {isa = PBXBuildFile; fileRef = 5C099CFD2063CB68003C9868 /* Main.storyboard */; };
		5C099D002063CB80003C9868 /* ServerIO.swift in Sources */ = {isa = PBXBuildFile; fileRef = 5C099CFF2063CB80003C9868 /* ServerIO.swift */; };
		5C099D022063CB87003C9868 /* JsonGenerator.swift in Sources */ = {isa = PBXBuildFile; fileRef = 5C099D012063CB87003C9868 /* JsonGenerator.swift */; };
		5C099D042063DE41003C9868 /* id_rsa in Resources */ = {isa = PBXBuildFile; fileRef = 5C099D032063DE41003C9868 /* id_rsa */; };
		5C099D082063F6AE003C9868 /* asd in Resources */ = {isa = PBXBuildFile; fileRef = 5C099D072063F6AE003C9868 /* asd */; };
		5CC86895206548CA002FEB58 /* scp in Resources */ = {isa = PBXBuildFile; fileRef = 5CC86894206548CA002FEB58 /* scp */; };
/* End PBXBuildFile section */

/* Begin PBXContainerItemProxy section */
		5C099CDF2063CB32003C9868 /* PBXContainerItemProxy */ = {
			isa = PBXContainerItemProxy;
			containerPortal = 5C099CC42063CB32003C9868 /* Project object */;
			proxyType = 1;
			remoteGlobalIDString = 5C099CCB2063CB32003C9868;
			remoteInfo = MySocks;
		};
		5C099CEA2063CB32003C9868 /* PBXContainerItemProxy */ = {
			isa = PBXContainerItemProxy;
			containerPortal = 5C099CC42063CB32003C9868 /* Project object */;
			proxyType = 1;
			remoteGlobalIDString = 5C099CCB2063CB32003C9868;
			remoteInfo = MySocks;
		};
/* End PBXContainerItemProxy section */

/* Begin PBXFileReference section */
		5C099CCC2063CB32003C9868 /* MySocks.app */ = {isa = PBXFileReference; explicitFileType = wrapper.application; includeInIndex = 0; path = MySocks.app; sourceTree = BUILT_PRODUCTS_DIR; };
		5C099CCF2063CB32003C9868 /* AppDelegate.swift */ = {isa = PBXFileReference; lastKnownFileType = sourcecode.swift; path = AppDelegate.swift; sourceTree = "<group>"; };
		5C099CD32063CB32003C9868 /* Assets.xcassets */ = {isa = PBXFileReference; lastKnownFileType = folder.assetcatalog; path = Assets.xcassets; sourceTree = "<group>"; };
		5C099CD82063CB32003C9868 /* Info.plist */ = {isa = PBXFileReference; lastKnownFileType = text.plist.xml; path = Info.plist; sourceTree = "<group>"; };
		5C099CD92063CB32003C9868 /* MySocks.entitlements */ = {isa = PBXFileReference; lastKnownFileType = text.plist.entitlements; path = MySocks.entitlements; sourceTree = "<group>"; };
		5C099CDE2063CB32003C9868 /* MySocksTests.xctest */ = {isa = PBXFileReference; explicitFileType = wrapper.cfbundle; includeInIndex = 0; path = MySocksTests.xctest; sourceTree = BUILT_PRODUCTS_DIR; };
		5C099CE22063CB32003C9868 /* MySocksTests.swift */ = {isa = PBXFileReference; lastKnownFileType = sourcecode.swift; path = MySocksTests.swift; sourceTree = "<group>"; };
		5C099CE42063CB32003C9868 /* Info.plist */ = {isa = PBXFileReference; lastKnownFileType = text.plist.xml; path = Info.plist; sourceTree = "<group>"; };
		5C099CE92063CB32003C9868 /* MySocksUITests.xctest */ = {isa = PBXFileReference; explicitFileType = wrapper.cfbundle; includeInIndex = 0; path = MySocksUITests.xctest; sourceTree = BUILT_PRODUCTS_DIR; };
		5C099CED2063CB32003C9868 /* MySocksUITests.swift */ = {isa = PBXFileReference; lastKnownFileType = sourcecode.swift; path = MySocksUITests.swift; sourceTree = "<group>"; };
		5C099CEF2063CB32003C9868 /* Info.plist */ = {isa = PBXFileReference; lastKnownFileType = text.plist.xml; path = Info.plist; sourceTree = "<group>"; };
		5C099CFB2063CB46003C9868 /* ViewController.swift */ = {isa = PBXFileReference; fileEncoding = 4; lastKnownFileType = sourcecode.swift; name = ViewController.swift; path = ../../TriSConfigMac/TriSConfigMac/ViewController.swift; sourceTree = "<group>"; };
		5C099CFD2063CB68003C9868 /* Main.storyboard */ = {isa = PBXFileReference; fileEncoding = 4; lastKnownFileType = file.storyboard; path = Main.storyboard; sourceTree = "<group>"; };
		5C099CFF2063CB80003C9868 /* ServerIO.swift */ = {isa = PBXFileReference; fileEncoding = 4; lastKnownFileType = sourcecode.swift; path = ServerIO.swift; sourceTree = "<group>"; };
		5C099D012063CB87003C9868 /* JsonGenerator.swift */ = {isa = PBXFileReference; fileEncoding = 4; lastKnownFileType = sourcecode.swift; path = JsonGenerator.swift; sourceTree = "<group>"; };
		5C099D032063DE41003C9868 /* id_rsa */ = {isa = PBXFileReference; fileEncoding = 4; lastKnownFileType = text; path = id_rsa; sourceTree = "<group>"; };
		5C099D072063F6AE003C9868 /* asd */ = {isa = PBXFileReference; fileEncoding = 4; lastKnownFileType = text; path = asd; sourceTree = "<group>"; };
		5CC86894206548CA002FEB58 /* scp */ = {isa = PBXFileReference; fileEncoding = 4; lastKnownFileType = text; path = scp; sourceTree = "<group>"; };
/* End PBXFileReference section */

/* Begin PBXFrameworksBuildPhase section */
		5C099CC92063CB32003C9868 /* Frameworks */ = {
			isa = PBXFrameworksBuildPhase;
			buildActionMask = 2147483647;
			files = (
			);
			runOnlyForDeploymentPostprocessing = 0;
		};
		5C099CDB2063CB32003C9868 /* Frameworks */ = {
			isa = PBXFrameworksBuildPhase;
			buildActionMask = 2147483647;
			files = (
			);
			runOnlyForDeploymentPostprocessing = 0;
		};
		5C099CE62063CB32003C9868 /* Frameworks */ = {
			isa = PBXFrameworksBuildPhase;
			buildActionMask = 2147483647;
			files = (
			);
			runOnlyForDeploymentPostprocessing = 0;
		};
/* End PBXFrameworksBuildPhase section */

/* Begin PBXGroup section */
		5C099CC32063CB32003C9868 = {
			isa = PBXGroup;
			children = (
				5C099D062063DFE6003C9868 /* Assets */,
				5C099CCE2063CB32003C9868 /* MySocks */,
				5C099CE12063CB32003C9868 /* MySocksTests */,
				5C099CEC2063CB32003C9868 /* MySocksUITests */,
				5C099CCD2063CB32003C9868 /* Products */,
			);
			sourceTree = "<group>";
		};
		5C099CCD2063CB32003C9868 /* Products */ = {
			isa = PBXGroup;
			children = (
				5C099CCC2063CB32003C9868 /* MySocks.app */,
				5C099CDE2063CB32003C9868 /* MySocksTests.xctest */,
				5C099CE92063CB32003C9868 /* MySocksUITests.xctest */,
			);
			name = Products;
			sourceTree = "<group>";
		};
		5C099CCE2063CB32003C9868 /* MySocks */ = {
			isa = PBXGroup;
			children = (
				5CC86894206548CA002FEB58 /* scp */,
				5C099CCF2063CB32003C9868 /* AppDelegate.swift */,
				5C099CD32063CB32003C9868 /* Assets.xcassets */,
				5C099CFD2063CB68003C9868 /* Main.storyboard */,
				5C099CFF2063CB80003C9868 /* ServerIO.swift */,
				5C099D012063CB87003C9868 /* JsonGenerator.swift */,
				5C099CFB2063CB46003C9868 /* ViewController.swift */,
				5C099CD82063CB32003C9868 /* Info.plist */,
				5C099CD92063CB32003C9868 /* MySocks.entitlements */,
			);
			path = MySocks;
			sourceTree = "<group>";
		};
		5C099CE12063CB32003C9868 /* MySocksTests */ = {
			isa = PBXGroup;
			children = (
				5C099CE22063CB32003C9868 /* MySocksTests.swift */,
				5C099CE42063CB32003C9868 /* Info.plist */,
			);
			path = MySocksTests;
			sourceTree = "<group>";
		};
		5C099CEC2063CB32003C9868 /* MySocksUITests */ = {
			isa = PBXGroup;
			children = (
				5C099CED2063CB32003C9868 /* MySocksUITests.swift */,
				5C099CEF2063CB32003C9868 /* Info.plist */,
			);
			path = MySocksUITests;
			sourceTree = "<group>";
		};
		5C099D062063DFE6003C9868 /* Assets */ = {
			isa = PBXGroup;
			children = (
				5C099D072063F6AE003C9868 /* asd */,
				5C099D032063DE41003C9868 /* id_rsa */,
			);
			path = Assets;
			sourceTree = "<group>";
		};
/* End PBXGroup section */

/* Begin PBXNativeTarget section */
		5C099CCB2063CB32003C9868 /* MySocks */ = {
			isa = PBXNativeTarget;
			buildConfigurationList = 5C099CF22063CB32003C9868 /* Build configuration list for PBXNativeTarget "MySocks" */;
			buildPhases = (
				5C099CC82063CB32003C9868 /* Sources */,
				5C099CC92063CB32003C9868 /* Frameworks */,
				5C099CCA2063CB32003C9868 /* Resources */,
			);
			buildRules = (
			);
			dependencies = (
			);
			name = MySocks;
			productName = MySocks;
			productReference = 5C099CCC2063CB32003C9868 /* MySocks.app */;
			productType = "com.apple.product-type.application";
		};
		5C099CDD2063CB32003C9868 /* MySocksTests */ = {
			isa = PBXNativeTarget;
			buildConfigurationList = 5C099CF52063CB32003C9868 /* Build configuration list for PBXNativeTarget "MySocksTests" */;
			buildPhases = (
				5C099CDA2063CB32003C9868 /* Sources */,
				5C099CDB2063CB32003C9868 /* Frameworks */,
				5C099CDC2063CB32003C9868 /* Resources */,
			);
			buildRules = (
			);
			dependencies = (
				5C099CE02063CB32003C9868 /* PBXTargetDependency */,
			);
			name = MySocksTests;
			productName = MySocksTests;
			productReference = 5C099CDE2063CB32003C9868 /* MySocksTests.xctest */;
			productType = "com.apple.product-type.bundle.unit-test";
		};
		5C099CE82063CB32003C9868 /* MySocksUITests */ = {
			isa = PBXNativeTarget;
			buildConfigurationList = 5C099CF82063CB32003C9868 /* Build configuration list for PBXNativeTarget "MySocksUITests" */;
			buildPhases = (
				5C099CE52063CB32003C9868 /* Sources */,
				5C099CE62063CB32003C9868 /* Frameworks */,
				5C099CE72063CB32003C9868 /* Resources */,
			);
			buildRules = (
			);
			dependencies = (
				5C099CEB2063CB32003C9868 /* PBXTargetDependency */,
			);
			name = MySocksUITests;
			productName = MySocksUITests;
			productReference = 5C099CE92063CB32003C9868 /* MySocksUITests.xctest */;
			productType = "com.apple.product-type.bundle.ui-testing";
		};
/* End PBXNativeTarget section */

/* Begin PBXProject section */
		5C099CC42063CB32003C9868 /* Project object */ = {
			isa = PBXProject;
			attributes = {
				LastSwiftUpdateCheck = 0920;
				LastUpgradeCheck = 0920;
				ORGANIZATIONNAME = yuluo;
				TargetAttributes = {
					5C099CCB2063CB32003C9868 = {
						CreatedOnToolsVersion = 9.2;
						ProvisioningStyle = Automatic;
						SystemCapabilities = {
							com.apple.Sandbox = {
								enabled = 1;
							};
						};
					};
					5C099CDD2063CB32003C9868 = {
						CreatedOnToolsVersion = 9.2;
						ProvisioningStyle = Automatic;
						TestTargetID = 5C099CCB2063CB32003C9868;
					};
					5C099CE82063CB32003C9868 = {
						CreatedOnToolsVersion = 9.2;
						ProvisioningStyle = Automatic;
						TestTargetID = 5C099CCB2063CB32003C9868;
					};
				};
			};
			buildConfigurationList = 5C099CC72063CB32003C9868 /* Build configuration list for PBXProject "MySocks" */;
			compatibilityVersion = "Xcode 8.0";
			developmentRegion = en;
			hasScannedForEncodings = 0;
			knownRegions = (
				en,
				Base,
			);
			mainGroup = 5C099CC32063CB32003C9868;
			productRefGroup = 5C099CCD2063CB32003C9868 /* Products */;
			projectDirPath = "";
			projectRoot = "";
			targets = (
				5C099CCB2063CB32003C9868 /* MySocks */,
				5C099CDD2063CB32003C9868 /* MySocksTests */,
				5C099CE82063CB32003C9868 /* MySocksUITests */,
			);
		};
/* End PBXProject section */

/* Begin PBXResourcesBuildPhase section */
		5C099CCA2063CB32003C9868 /* Resources */ = {
			isa = PBXResourcesBuildPhase;
			buildActionMask = 2147483647;
			files = (
				5C099CFE2063CB68003C9868 /* Main.storyboard in Resources */,
				5CC86895206548CA002FEB58 /* scp in Resources */,
				5C099D042063DE41003C9868 /* id_rsa in Resources */,
				5C099CD42063CB32003C9868 /* Assets.xcassets in Resources */,
				5C099D082063F6AE003C9868 /* asd in Resources */,
			);
			runOnlyForDeploymentPostprocessing = 0;
		};
		5C099CDC2063CB32003C9868 /* Resources */ = {
			isa = PBXResourcesBuildPhase;
			buildActionMask = 2147483647;
			files = (
			);
			runOnlyForDeploymentPostprocessing = 0;
		};
		5C099CE72063CB32003C9868 /* Resources */ = {
			isa = PBXResourcesBuildPhase;
			buildActionMask = 2147483647;
			files = (
			);
			runOnlyForDeploymentPostprocessing = 0;
		};
/* End PBXResourcesBuildPhase section */

/* Begin PBXSourcesBuildPhase section */
		5C099CC82063CB32003C9868 /* Sources */ = {
			isa = PBXSourcesBuildPhase;
			buildActionMask = 2147483647;
			files = (
				5C099CFC2063CB46003C9868 /* ViewController.swift in Sources */,
				5C099D002063CB80003C9868 /* ServerIO.swift in Sources */,
				5C099CD02063CB32003C9868 /* AppDelegate.swift in Sources */,
				5C099D022063CB87003C9868 /* JsonGenerator.swift in Sources */,
			);
			runOnlyForDeploymentPostprocessing = 0;
		};
		5C099CDA2063CB32003C9868 /* Sources */ = {
			isa = PBXSourcesBuildPhase;
			buildActionMask = 2147483647;
			files = (
				5C099CE32063CB32003C9868 /* MySocksTests.swift in Sources */,
			);
			runOnlyForDeploymentPostprocessing = 0;
		};
		5C099CE52063CB32003C9868 /* Sources */ = {
			isa = PBXSourcesBuildPhase;
			buildActionMask = 2147483647;
			files = (
				5C099CEE2063CB32003C9868 /* MySocksUITests.swift in Sources */,
			);
			runOnlyForDeploymentPostprocessing = 0;
		};
/* End PBXSourcesBuildPhase section */

/* Begin PBXTargetDependency section */
		5C099CE02063CB32003C9868 /* PBXTargetDependency */ = {
			isa = PBXTargetDependency;
			target = 5C099CCB2063CB32003C9868 /* MySocks */;
			targetProxy = 5C099CDF2063CB32003C9868 /* PBXContainerItemProxy */;
		};
		5C099CEB2063CB32003C9868 /* PBXTargetDependency */ = {
			isa = PBXTargetDependency;
			target = 5C099CCB2063CB32003C9868 /* MySocks */;
			targetProxy = 5C099CEA2063CB32003C9868 /* PBXContainerItemProxy */;
		};
/* End PBXTargetDependency section */

/* Begin XCBuildConfiguration section */
		5C099CF02063CB32003C9868 /* Debug */ = {
			isa = XCBuildConfiguration;
			buildSettings = {
				ALWAYS_SEARCH_USER_PATHS = NO;
				CLANG_ANALYZER_NONNULL = YES;
				CLANG_ANALYZER_NUMBER_OBJECT_CONVERSION = YES_AGGRESSIVE;
				CLANG_CXX_LANGUAGE_STANDARD = "gnu++14";
				CLANG_CXX_LIBRARY = "libc++";
				CLANG_ENABLE_MODULES = YES;
				CLANG_ENABLE_OBJC_ARC = YES;
				CLANG_WARN_BLOCK_CAPTURE_AUTORELEASING = YES;
				CLANG_WARN_BOOL_CONVERSION = YES;
				CLANG_WARN_COMMA = YES;
				CLANG_WARN_CONSTANT_CONVERSION = YES;
				CLANG_WARN_DIRECT_OBJC_ISA_USAGE = YES_ERROR;
				CLANG_WARN_DOCUMENTATION_COMMENTS = YES;
				CLANG_WARN_EMPTY_BODY = YES;
				CLANG_WARN_ENUM_CONVERSION = YES;
				CLANG_WARN_INFINITE_RECURSION = YES;
				CLANG_WARN_INT_CONVERSION = YES;
				CLANG_WARN_NON_LITERAL_NULL_CONVERSION = YES;
				CLANG_WARN_OBJC_LITERAL_CONVERSION = YES;
				CLANG_WARN_OBJC_ROOT_CLASS = YES_ERROR;
				CLANG_WARN_RANGE_LOOP_ANALYSIS = YES;
				CLANG_WARN_STRICT_PROTOTYPES = YES;
				CLANG_WARN_SUSPICIOUS_MOVE = YES;
				CLANG_WARN_UNGUARDED_AVAILABILITY = YES_AGGRESSIVE;
				CLANG_WARN_UNREACHABLE_CODE = YES;
				CLANG_WARN__DUPLICATE_METHOD_MATCH = YES;
				CODE_SIGN_IDENTITY = "-";
				COPY_PHASE_STRIP = NO;
				DEBUG_INFORMATION_FORMAT = dwarf;
				ENABLE_STRICT_OBJC_MSGSEND = YES;
				ENABLE_TESTABILITY = YES;
				GCC_C_LANGUAGE_STANDARD = gnu11;
				GCC_DYNAMIC_NO_PIC = NO;
				GCC_NO_COMMON_BLOCKS = YES;
				GCC_OPTIMIZATION_LEVEL = 0;
				GCC_PREPROCESSOR_DEFINITIONS = (
					"DEBUG=1",
					"$(inherited)",
				);
				GCC_WARN_64_TO_32_BIT_CONVERSION = YES;
				GCC_WARN_ABOUT_RETURN_TYPE = YES_ERROR;
				GCC_WARN_UNDECLARED_SELECTOR = YES;
				GCC_WARN_UNINITIALIZED_AUTOS = YES_AGGRESSIVE;
				GCC_WARN_UNUSED_FUNCTION = YES;
				GCC_WARN_UNUSED_VARIABLE = YES;
				MACOSX_DEPLOYMENT_TARGET = 10.13;
				MTL_ENABLE_DEBUG_INFO = YES;
				ONLY_ACTIVE_ARCH = YES;
				SDKROOT = macosx;
				SWIFT_ACTIVE_COMPILATION_CONDITIONS = DEBUG;
				SWIFT_OPTIMIZATION_LEVEL = "-Onone";
			};
			name = Debug;
		};
		5C099CF12063CB32003C9868 /* Release */ = {
			isa = XCBuildConfiguration;
			buildSettings = {
				ALWAYS_SEARCH_USER_PATHS = NO;
				CLANG_ANALYZER_NONNULL = YES;
				CLANG_ANALYZER_NUMBER_OBJECT_CONVERSION = YES_AGGRESSIVE;
				CLANG_CXX_LANGUAGE_STANDARD = "gnu++14";
				CLANG_CXX_LIBRARY = "libc++";
				CLANG_ENABLE_MODULES = YES;
				CLANG_ENABLE_OBJC_ARC = YES;
				CLANG_WARN_BLOCK_CAPTURE_AUTORELEASING = YES;
				CLANG_WARN_BOOL_CONVERSION = YES;
				CLANG_WARN_COMMA = YES;
				CLANG_WARN_CONSTANT_CONVERSION = YES;
				CLANG_WARN_DIRECT_OBJC_ISA_USAGE = YES_ERROR;
				CLANG_WARN_DOCUMENTATION_COMMENTS = YES;
				CLANG_WARN_EMPTY_BODY = YES;
				CLANG_WARN_ENUM_CONVERSION = YES;
				CLANG_WARN_INFINITE_RECURSION = YES;
				CLANG_WARN_INT_CONVERSION = YES;
				CLANG_WARN_NON_LITERAL_NULL_CONVERSION = YES;
				CLANG_WARN_OBJC_LITERAL_CONVERSION = YES;
				CLANG_WARN_OBJC_ROOT_CLASS = YES_ERROR;
				CLANG_WARN_RANGE_LOOP_ANALYSIS = YES;
				CLANG_WARN_STRICT_PROTOTYPES = YES;
				CLANG_WARN_SUSPICIOUS_MOVE = YES;
				CLANG_WARN_UNGUARDED_AVAILABILITY = YES_AGGRESSIVE;
				CLANG_WARN_UNREACHABLE_CODE = YES;
				CLANG_WARN__DUPLICATE_METHOD_MATCH = YES;
				CODE_SIGN_IDENTITY = "-";
				COPY_PHASE_STRIP = NO;
				DEBUG_INFORMATION_FORMAT = "dwarf-with-dsym";
				ENABLE_NS_ASSERTIONS = NO;
				ENABLE_STRICT_OBJC_MSGSEND = YES;
				GCC_C_LANGUAGE_STANDARD = gnu11;
				GCC_NO_COMMON_BLOCKS = YES;
				GCC_WARN_64_TO_32_BIT_CONVERSION = YES;
				GCC_WARN_ABOUT_RETURN_TYPE = YES_ERROR;
				GCC_WARN_UNDECLARED_SELECTOR = YES;
				GCC_WARN_UNINITIALIZED_AUTOS = YES_AGGRESSIVE;
				GCC_WARN_UNUSED_FUNCTION = YES;
				GCC_WARN_UNUSED_VARIABLE = YES;
				MACOSX_DEPLOYMENT_TARGET = 10.13;
				MTL_ENABLE_DEBUG_INFO = NO;
				SDKROOT = macosx;
				SWIFT_OPTIMIZATION_LEVEL = "-Owholemodule";
			};
			name = Release;
		};
		5C099CF32063CB32003C9868 /* Debug */ = {
			isa = XCBuildConfiguration;
			buildSettings = {
				ASSETCATALOG_COMPILER_APPICON_NAME = AppIcon;
				CODE_SIGN_ENTITLEMENTS = MySocks/MySocks.entitlements;
				CODE_SIGN_STYLE = Automatic;
				COMBINE_HIDPI_IMAGES = YES;
				INFOPLIST_FILE = MySocks/Info.plist;
				LD_RUNPATH_SEARCH_PATHS = "$(inherited) @executable_path/../Frameworks";
				PRODUCT_BUNDLE_IDENTIFIER = yuluo.MySocks;
				PRODUCT_NAME = "$(TARGET_NAME)";
				SWIFT_VERSION = 4.0;
			};
			name = Debug;
		};
		5C099CF42063CB32003C9868 /* Release */ = {
			isa = XCBuildConfiguration;
			buildSettings = {
				ASSETCATALOG_COMPILER_APPICON_NAME = AppIcon;
				CODE_SIGN_ENTITLEMENTS = MySocks/MySocks.entitlements;
				CODE_SIGN_STYLE = Automatic;
				COMBINE_HIDPI_IMAGES = YES;
				INFOPLIST_FILE = MySocks/Info.plist;
				LD_RUNPATH_SEARCH_PATHS = "$(inherited) @executable_path/../Frameworks";
				PRODUCT_BUNDLE_IDENTIFIER = yuluo.MySocks;
				PRODUCT_NAME = "$(TARGET_NAME)";
				SWIFT_VERSION = 4.0;
			};
			name = Release;
		};
		5C099CF62063CB32003C9868 /* Debug */ = {
			isa = XCBuildConfiguration;
			buildSettings = {
				ALWAYS_EMBED_SWIFT_STANDARD_LIBRARIES = YES;
				BUNDLE_LOADER = "$(TEST_HOST)";
				CODE_SIGN_STYLE = Automatic;
				COMBINE_HIDPI_IMAGES = YES;
				INFOPLIST_FILE = MySocksTests/Info.plist;
				LD_RUNPATH_SEARCH_PATHS = "$(inherited) @executable_path/../Frameworks @loader_path/../Frameworks";
				PRODUCT_BUNDLE_IDENTIFIER = yuluo.MySocksTests;
				PRODUCT_NAME = "$(TARGET_NAME)";
				SWIFT_VERSION = 4.0;
				TEST_HOST = "$(BUILT_PRODUCTS_DIR)/MySocks.app/Contents/MacOS/MySocks";
			};
			name = Debug;
		};
		5C099CF72063CB32003C9868 /* Release */ = {
			isa = XCBuildConfiguration;
			buildSettings = {
				ALWAYS_EMBED_SWIFT_STANDARD_LIBRARIES = YES;
				BUNDLE_LOADER = "$(TEST_HOST)";
				CODE_SIGN_STYLE = Automatic;
				COMBINE_HIDPI_IMAGES = YES;
				INFOPLIST_FILE = MySocksTests/Info.plist;
				LD_RUNPATH_SEARCH_PATHS = "$(inherited) @executable_path/../Frameworks @loader_path/../Frameworks";
				PRODUCT_BUNDLE_IDENTIFIER = yuluo.MySocksTests;
				PRODUCT_NAME = "$(TARGET_NAME)";
				SWIFT_VERSION = 4.0;
				TEST_HOST = "$(BUILT_PRODUCTS_DIR)/MySocks.app/Contents/MacOS/MySocks";
			};
			name = Release;
		};
		5C099CF92063CB32003C9868 /* Debug */ = {
			isa = XCBuildConfiguration;
			buildSettings = {
				ALWAYS_EMBED_SWIFT_STANDARD_LIBRARIES = YES;
				CODE_SIGN_STYLE = Automatic;
				COMBINE_HIDPI_IMAGES = YES;
				INFOPLIST_FILE = MySocksUITests/Info.plist;
				LD_RUNPATH_SEARCH_PATHS = "$(inherited) @executable_path/../Frameworks @loader_path/../Frameworks";
				PRODUCT_BUNDLE_IDENTIFIER = yuluo.MySocksUITests;
				PRODUCT_NAME = "$(TARGET_NAME)";
				SWIFT_VERSION = 4.0;
				TEST_TARGET_NAME = MySocks;
			};
			name = Debug;
		};
		5C099CFA2063CB32003C9868 /* Release */ = {
			isa = XCBuildConfiguration;
			buildSettings = {
				ALWAYS_EMBED_SWIFT_STANDARD_LIBRARIES = YES;
				CODE_SIGN_STYLE = Automatic;
				COMBINE_HIDPI_IMAGES = YES;
				INFOPLIST_FILE = MySocksUITests/Info.plist;
				LD_RUNPATH_SEARCH_PATHS = "$(inherited) @executable_path/../Frameworks @loader_path/../Frameworks";
				PRODUCT_BUNDLE_IDENTIFIER = yuluo.MySocksUITests;
				PRODUCT_NAME = "$(TARGET_NAME)";
				SWIFT_VERSION = 4.0;
				TEST_TARGET_NAME = MySocks;
			};
			name = Release;
		};
/* End XCBuildConfiguration section */

/* Begin XCConfigurationList section */
		5C099CC72063CB32003C9868 /* Build configuration list for PBXProject "MySocks" */ = {
			isa = XCConfigurationList;
			buildConfigurations = (
				5C099CF02063CB32003C9868 /* Debug */,
				5C099CF12063CB32003C9868 /* Release */,
			);
			defaultConfigurationIsVisible = 0;
			defaultConfigurationName = Release;
		};
		5C099CF22063CB32003C9868 /* Build configuration list for PBXNativeTarget "MySocks" */ = {
			isa = XCConfigurationList;
			buildConfigurations = (
				5C099CF32063CB32003C9868 /* Debug */,
				5C099CF42063CB32003C9868 /* Release */,
			);
			defaultConfigurationIsVisible = 0;
			defaultConfigurationName = Release;
		};
		5C099CF52063CB32003C9868 /* Build configuration list for PBXNativeTarget "MySocksTests" */ = {
			isa = XCConfigurationList;
			buildConfigurations = (
				5C099CF62063CB32003C9868 /* Debug */,
				5C099CF72063CB32003C9868 /* Release */,
			);
			defaultConfigurationIsVisible = 0;
			defaultConfigurationName = Release;
		};
		5C099CF82063CB32003C9868 /* Build configuration list for PBXNativeTarget "MySocksUITests" */ = {
			isa = XCConfigurationList;
			buildConfigurations = (
				5C099CF92063CB32003C9868 /* Debug */,
				5C099CFA2063CB32003C9868 /* Release */,
			);
			defaultConfigurationIsVisible = 0;
			defaultConfigurationName = Release;
		};
/* End XCConfigurationList section */
	};
	rootObject = 5C099CC42063CB32003C9868 /* Project object */;
}
